
Microsoft Visual Studio Solution File, Format Version 12.00
# Visual Studio Version 17
VisualStudioVersion = 17.14.36109.1 d17.14
MinimumVisualStudioVersion = 10.0.40219.1
Project("{FAE04EC0-301F-11D3-BF4B-00C04F79EFBC}") = "CRUD.Shared", "CRUD.Shared\CRUD.Shared.csproj", "{11D23608-3729-4890-9036-F05ECAE7F1DE}"
EndProject
Project("{FAE04EC0-301F-11D3-BF4B-00C04F79EFBC}") = "CRUD.Backend", "CRUD.Backend\CRUD.Backend.csproj", "{C2630451-93E2-4CB0-A296-F58BE974B732}"
EndProject
Project("{FAE04EC0-301F-11D3-BF4B-00C04F79EFBC}") = "CRUD.Frontend", "CRUD.Frontend\CRUD.Frontend.csproj", "{722FB0AB-CC09-4DE2-A22A-91ACBC73CABD}"
EndProject
Global
	GlobalSection(SolutionConfigurationPlatforms) = preSolution
		Debug|Any CPU = Debug|Any CPU
		Release|Any CPU = Release|Any CPU
	EndGlobalSection
	GlobalSection(ProjectConfigurationPlatforms) = postSolution
		{11D23608-3729-4890-9036-F05ECAE7F1DE}.Debug|Any CPU.ActiveCfg = Debug|Any CPU
		{11D23608-3729-4890-9036-F05ECAE7F1DE}.Debug|Any CPU.Build.0 = Debug|Any CPU
		{11D23608-3729-4890-9036-F05ECAE7F1DE}.Release|Any CPU.ActiveCfg = Release|Any CPU
		{11D23608-3729-4890-9036-F05ECAE7F1DE}.Release|Any CPU.Build.0 = Release|Any CPU
		{C2630451-93E2-4CB0-A296-F58BE974B732}.Debug|Any CPU.ActiveCfg = Debug|Any CPU
		{C2630451-93E2-4CB0-A296-F58BE974B732}.Debug|Any CPU.Build.0 = Debug|Any CPU
		{C2630451-93E2-4CB0-A296-F58BE974B732}.Release|Any CPU.ActiveCfg = Release|Any CPU
		{C2630451-93E2-4CB0-A296-F58BE974B732}.Release|Any CPU.Build.0 = Release|Any CPU
		{722FB0AB-CC09-4DE2-A22A-91ACBC73CABD}.Debug|Any CPU.ActiveCfg = Debug|Any CPU
		{722FB0AB-CC09-4DE2-A22A-91ACBC73CABD}.Debug|Any CPU.Build.0 = Debug|Any CPU
		{722FB0AB-CC09-4DE2-A22A-91ACBC73CABD}.Release|Any CPU.ActiveCfg = Release|Any CPU
		{722FB0AB-CC09-4DE2-A22A-91ACBC73CABD}.Release|Any CPU.Build.0 = Release|Any CPU
	EndGlobalSection
	GlobalSection(SolutionProperties) = preSolution
		HideSolutionNode = FALSE
	EndGlobalSection
	GlobalSection(ExtensibilityGlobals) = postSolution
		SolutionGuid = {E5319B48-B18D-446D-8C08-A388BD1F1681}
	EndGlobalSection
EndGlobal
